
Microsoft Visual Studio Solution File, Format Version 12.00
# Visual Studio Version 16
VisualStudioVersion = 16.0.31605.320
MinimumVisualStudioVersion = 10.0.40219.1
Project("{FAE04EC0-301F-11D3-BF4B-00C04F79EFBC}") = "WebApplication1", "WebApplication1\WebApplication1.csproj", "{00EF08F4-B1E9-4387-B54E-4FFD72EA5414}"
EndProject
Project("{FAE04EC0-301F-11D3-BF4B-00C04F79EFBC}") = "WebApplication1.Model", "WebApplication1.Model\WebApplication1.Model.csproj", "{18577FF0-1BF8-43E2-B6AD-75AEB445D9A2}"
EndProject
Project("{FAE04EC0-301F-11D3-BF4B-00C04F79EFBC}") = "WebApplication1.Service", "WebApplication1.Service\WebApplication1.Service.csproj", "{4E62369A-3742-45DF-9015-26644E189806}"
EndProject
Project("{FAE04EC0-301F-11D3-BF4B-00C04F79EFBC}") = "WebApplication1.DAL", "WebApplication1.DAL\WebApplication1.DAL.csproj", "{6B563897-3B7A-4C7E-AA82-4B3F97DAD775}"
EndProject
Project("{FAE04EC0-301F-11D3-BF4B-00C04F79EFBC}") = "WebApplication1.WebApi", "WebApplication1.WebApi\WebApplication1.WebApi.csproj", "{C01ED16B-164C-4CA5-A2AF-8C0FF8BE8944}"
EndProject
Project("{FAE04EC0-301F-11D3-BF4B-00C04F79EFBC}") = "WebApplication1.Repository", "WebApplication1.Repository\WebApplication1.Repository.csproj", "{6FC8982E-68E9-4C03-A7B9-5408A0CBBFDB}"
EndProject
Project("{FAE04EC0-301F-11D3-BF4B-00C04F79EFBC}") = "WebApplication1Model.Common", "WebApplication.Model.Common\WebApplication1Model.Common.csproj", "{A888E863-BE0E-4FC4-85BD-120C3D8D660F}"
EndProject
Project("{FAE04EC0-301F-11D3-BF4B-00C04F79EFBC}") = "WebApplication1Repository.Common", "WebApplication.Repository.Common\WebApplication1Repository.Common.csproj", "{2B31834A-E87E-4217-8178-F292E7EC3A46}"
EndProject
Project("{FAE04EC0-301F-11D3-BF4B-00C04F79EFBC}") = "WebApplication1Service.Common", "WebApplication.Service.Common\WebApplication1Service.Common.csproj", "{C45A4641-2B04-4508-A471-8193EAB3D5FB}"
EndProject
Global
	GlobalSection(SolutionConfigurationPlatforms) = preSolution
		Debug|Any CPU = Debug|Any CPU
		Release|Any CPU = Release|Any CPU
	EndGlobalSection
	GlobalSection(ProjectConfigurationPlatforms) = postSolution
		{00EF08F4-B1E9-4387-B54E-4FFD72EA5414}.Debug|Any CPU.ActiveCfg = Debug|Any CPU
		{00EF08F4-B1E9-4387-B54E-4FFD72EA5414}.Debug|Any CPU.Build.0 = Debug|Any CPU
		{00EF08F4-B1E9-4387-B54E-4FFD72EA5414}.Release|Any CPU.ActiveCfg = Release|Any CPU
		{00EF08F4-B1E9-4387-B54E-4FFD72EA5414}.Release|Any CPU.Build.0 = Release|Any CPU
		{18577FF0-1BF8-43E2-B6AD-75AEB445D9A2}.Debug|Any CPU.ActiveCfg = Debug|Any CPU
		{18577FF0-1BF8-43E2-B6AD-75AEB445D9A2}.Debug|Any CPU.Build.0 = Debug|Any CPU
		{18577FF0-1BF8-43E2-B6AD-75AEB445D9A2}.Release|Any CPU.ActiveCfg = Release|Any CPU
		{18577FF0-1BF8-43E2-B6AD-75AEB445D9A2}.Release|Any CPU.Build.0 = Release|Any CPU
		{4E62369A-3742-45DF-9015-26644E189806}.Debug|Any CPU.ActiveCfg = Debug|Any CPU
		{4E62369A-3742-45DF-9015-26644E189806}.Debug|Any CPU.Build.0 = Debug|Any CPU
		{4E62369A-3742-45DF-9015-26644E189806}.Release|Any CPU.ActiveCfg = Release|Any CPU
		{4E62369A-3742-45DF-9015-26644E189806}.Release|Any CPU.Build.0 = Release|Any CPU
		{6B563897-3B7A-4C7E-AA82-4B3F97DAD775}.Debug|Any CPU.ActiveCfg = Debug|Any CPU
		{6B563897-3B7A-4C7E-AA82-4B3F97DAD775}.Debug|Any CPU.Build.0 = Debug|Any CPU
		{6B563897-3B7A-4C7E-AA82-4B3F97DAD775}.Release|Any CPU.ActiveCfg = Release|Any CPU
		{6B563897-3B7A-4C7E-AA82-4B3F97DAD775}.Release|Any CPU.Build.0 = Release|Any CPU
		{C01ED16B-164C-4CA5-A2AF-8C0FF8BE8944}.Debug|Any CPU.ActiveCfg = Debug|Any CPU
		{C01ED16B-164C-4CA5-A2AF-8C0FF8BE8944}.Debug|Any CPU.Build.0 = Debug|Any CPU
		{C01ED16B-164C-4CA5-A2AF-8C0FF8BE8944}.Release|Any CPU.ActiveCfg = Release|Any CPU
		{C01ED16B-164C-4CA5-A2AF-8C0FF8BE8944}.Release|Any CPU.Build.0 = Release|Any CPU
		{6FC8982E-68E9-4C03-A7B9-5408A0CBBFDB}.Debug|Any CPU.ActiveCfg = Debug|Any CPU
		{6FC8982E-68E9-4C03-A7B9-5408A0CBBFDB}.Debug|Any CPU.Build.0 = Debug|Any CPU
		{6FC8982E-68E9-4C03-A7B9-5408A0CBBFDB}.Release|Any CPU.ActiveCfg = Release|Any CPU
		{6FC8982E-68E9-4C03-A7B9-5408A0CBBFDB}.Release|Any CPU.Build.0 = Release|Any CPU
		{A888E863-BE0E-4FC4-85BD-120C3D8D660F}.Debug|Any CPU.ActiveCfg = Debug|Any CPU
		{A888E863-BE0E-4FC4-85BD-120C3D8D660F}.Debug|Any CPU.Build.0 = Debug|Any CPU
		{A888E863-BE0E-4FC4-85BD-120C3D8D660F}.Release|Any CPU.ActiveCfg = Release|Any CPU
		{A888E863-BE0E-4FC4-85BD-120C3D8D660F}.Release|Any CPU.Build.0 = Release|Any CPU
		{2B31834A-E87E-4217-8178-F292E7EC3A46}.Debug|Any CPU.ActiveCfg = Debug|Any CPU
		{2B31834A-E87E-4217-8178-F292E7EC3A46}.Debug|Any CPU.Build.0 = Debug|Any CPU
		{2B31834A-E87E-4217-8178-F292E7EC3A46}.Release|Any CPU.ActiveCfg = Release|Any CPU
		{2B31834A-E87E-4217-8178-F292E7EC3A46}.Release|Any CPU.Build.0 = Release|Any CPU
		{C45A4641-2B04-4508-A471-8193EAB3D5FB}.Debug|Any CPU.ActiveCfg = Debug|Any CPU
		{C45A4641-2B04-4508-A471-8193EAB3D5FB}.Debug|Any CPU.Build.0 = Debug|Any CPU
		{C45A4641-2B04-4508-A471-8193EAB3D5FB}.Release|Any CPU.ActiveCfg = Release|Any CPU
		{C45A4641-2B04-4508-A471-8193EAB3D5FB}.Release|Any CPU.Build.0 = Release|Any CPU
	EndGlobalSection
	GlobalSection(SolutionProperties) = preSolution
		HideSolutionNode = FALSE
	EndGlobalSection
	GlobalSection(ExtensibilityGlobals) = postSolution
		SolutionGuid = {16D96FDC-8745-4EE6-B73A-1E8381A60CC7}
	EndGlobalSection
EndGlobal
